
Microsoft Visual Studio Solution File, Format Version 12.00
# Visual Studio Version 17
VisualStudioVersion = 17.2.32616.157
MinimumVisualStudioVersion = 10.0.40219.1
Project("{FAE04EC0-301F-11D3-BF4B-00C04F79EFBC}") = "TodoApi", "TodoApi\TodoApi.csproj", "{F8E627A2-B538-4603-8794-F4274E1A0A00}"
EndProject
Global
	GlobalSection(SolutionConfigurationPlatforms) = preSolution
		Debug|Any CPU = Debug|Any CPU
		Release|Any CPU = Release|Any CPU
	EndGlobalSection
	GlobalSection(ProjectConfigurationPlatforms) = postSolution
		{F8E627A2-B538-4603-8794-F4274E1A0A00}.Debug|Any CPU.ActiveCfg = Debug|Any CPU
		{F8E627A2-B538-4603-8794-F4274E1A0A00}.Debug|Any CPU.Build.0 = Debug|Any CPU
		{F8E627A2-B538-4603-8794-F4274E1A0A00}.Release|Any CPU.ActiveCfg = Release|Any CPU
		{F8E627A2-B538-4603-8794-F4274E1A0A00}.Release|Any CPU.Build.0 = Release|Any CPU
	EndGlobalSection
	GlobalSection(SolutionProperties) = preSolution
		HideSolutionNode = FALSE
	EndGlobalSection
	GlobalSection(ExtensibilityGlobals) = postSolution
		SolutionGuid = {8401149B-182E-45B4-86C3-2721B0CEEBD1}
	EndGlobalSection
EndGlobal
